
Microsoft Visual Studio Solution File, Format Version 12.00
# Visual Studio Version 16
VisualStudioVersion = 16.0.31321.278
MinimumVisualStudioVersion = 10.0.40219.1
Project("{8BC9CEB8-8B4A-11D0-8D11-00A0C91BC942}") = "LearnOpenGL", "LearnOpenGL\LearnOpenGL.vcxproj", "{57AC96A8-7C60-48D0-8137-B64AE01A15CB}"
EndProject
Global
	GlobalSection(SolutionConfigurationPlatforms) = preSolution
		Debug|x64 = Debug|x64
		Debug|x86 = Debug|x86
		Release|x64 = Release|x64
		Release|x86 = Release|x86
	EndGlobalSection
	GlobalSection(ProjectConfigurationPlatforms) = postSolution
		{57AC96A8-7C60-48D0-8137-B64AE01A15CB}.Debug|x64.ActiveCfg = Debug|x64
		{57AC96A8-7C60-48D0-8137-B64AE01A15CB}.Debug|x64.Build.0 = Debug|x64
		{57AC96A8-7C60-48D0-8137-B64AE01A15CB}.Debug|x86.ActiveCfg = Debug|Win32
		{57AC96A8-7C60-48D0-8137-B64AE01A15CB}.Debug|x86.Build.0 = Debug|Win32
		{57AC96A8-7C60-48D0-8137-B64AE01A15CB}.Release|x64.ActiveCfg = Release|x64
		{57AC96A8-7C60-48D0-8137-B64AE01A15CB}.Release|x64.Build.0 = Release|x64
		{57AC96A8-7C60-48D0-8137-B64AE01A15CB}.Release|x86.ActiveCfg = Release|Win32
		{57AC96A8-7C60-48D0-8137-B64AE01A15CB}.Release|x86.Build.0 = Release|Win32
	EndGlobalSection
	GlobalSection(SolutionProperties) = preSolution
		HideSolutionNode = FALSE
	EndGlobalSection
	GlobalSection(ExtensibilityGlobals) = postSolution
		SolutionGuid = {500E2633-3650-4561-8CC0-8267E6D578D7}
	EndGlobalSection
EndGlobal
